
Microsoft Visual Studio Solution File, Format Version 12.00
# Visual Studio Version 17
VisualStudioVersion = 17.11.35219.272
MinimumVisualStudioVersion = 10.0.40219.1
Project("{9A19103F-16F7-4668-BE54-9A1E7A4F7556}") = "Uno Server", "Uno\Uno Server.csproj", "{AD4A5313-D976-4997-980B-9F226A83EF73}"
EndProject
Project("{9A19103F-16F7-4668-BE54-9A1E7A4F7556}") = "Uno Client", "Uno Client\Uno Client.csproj", "{3AF12F87-0FE5-4BC0-A6CF-1D534B794126}"
EndProject
Global
	GlobalSection(SolutionConfigurationPlatforms) = preSolution
		Debug|Any CPU = Debug|Any CPU
		Release|Any CPU = Release|Any CPU
	EndGlobalSection
	GlobalSection(ProjectConfigurationPlatforms) = postSolution
		{AD4A5313-D976-4997-980B-9F226A83EF73}.Debug|Any CPU.ActiveCfg = Debug|Any CPU
		{AD4A5313-D976-4997-980B-9F226A83EF73}.Debug|Any CPU.Build.0 = Debug|Any CPU
		{AD4A5313-D976-4997-980B-9F226A83EF73}.Release|Any CPU.ActiveCfg = Release|Any CPU
		{AD4A5313-D976-4997-980B-9F226A83EF73}.Release|Any CPU.Build.0 = Release|Any CPU
		{3AF12F87-0FE5-4BC0-A6CF-1D534B794126}.Debug|Any CPU.ActiveCfg = Debug|Any CPU
		{3AF12F87-0FE5-4BC0-A6CF-1D534B794126}.Debug|Any CPU.Build.0 = Debug|Any CPU
		{3AF12F87-0FE5-4BC0-A6CF-1D534B794126}.Release|Any CPU.ActiveCfg = Release|Any CPU
		{3AF12F87-0FE5-4BC0-A6CF-1D534B794126}.Release|Any CPU.Build.0 = Release|Any CPU
	EndGlobalSection
	GlobalSection(SolutionProperties) = preSolution
		HideSolutionNode = FALSE
	EndGlobalSection
	GlobalSection(ExtensibilityGlobals) = postSolution
		SolutionGuid = {E96C4C75-87B4-4FE6-8037-EBDE0996B32E}
	EndGlobalSection
EndGlobal
